
Microsoft Visual Studio Solution File, Format Version 12.00
# Visual Studio Version 16
VisualStudioVersion = 16.0.31613.86
MinimumVisualStudioVersion = 10.0.40219.1
Project("{FAE04EC0-301F-11D3-BF4B-00C04F79EFBC}") = "Décoder", "Décoder\Décoder.csproj", "{AF0CA871-DFFF-4169-9BAA-81C08CAB17BA}"
EndProject
Project("{FAE04EC0-301F-11D3-BF4B-00C04F79EFBC}") = "Tests", "Tests\Tests.csproj", "{F4433FDD-698C-42EF-AC97-72051D12DEC4}"
EndProject
Global
	GlobalSection(SolutionConfigurationPlatforms) = preSolution
		Debug|Any CPU = Debug|Any CPU
		Release|Any CPU = Release|Any CPU
	EndGlobalSection
	GlobalSection(ProjectConfigurationPlatforms) = postSolution
		{AF0CA871-DFFF-4169-9BAA-81C08CAB17BA}.Debug|Any CPU.ActiveCfg = Debug|Any CPU
		{AF0CA871-DFFF-4169-9BAA-81C08CAB17BA}.Debug|Any CPU.Build.0 = Debug|Any CPU
		{AF0CA871-DFFF-4169-9BAA-81C08CAB17BA}.Release|Any CPU.ActiveCfg = Release|Any CPU
		{AF0CA871-DFFF-4169-9BAA-81C08CAB17BA}.Release|Any CPU.Build.0 = Release|Any CPU
		{F4433FDD-698C-42EF-AC97-72051D12DEC4}.Debug|Any CPU.ActiveCfg = Debug|Any CPU
		{F4433FDD-698C-42EF-AC97-72051D12DEC4}.Debug|Any CPU.Build.0 = Debug|Any CPU
		{F4433FDD-698C-42EF-AC97-72051D12DEC4}.Release|Any CPU.ActiveCfg = Release|Any CPU
		{F4433FDD-698C-42EF-AC97-72051D12DEC4}.Release|Any CPU.Build.0 = Release|Any CPU
	EndGlobalSection
	GlobalSection(SolutionProperties) = preSolution
		HideSolutionNode = FALSE
	EndGlobalSection
	GlobalSection(ExtensibilityGlobals) = postSolution
		SolutionGuid = {3780E3BA-EE66-4741-A30F-78C6A224F488}
	EndGlobalSection
EndGlobal
